
Microsoft Visual Studio Solution File, Format Version 12.00
# Visual Studio Version 16
VisualStudioVersion = 16.0.31624.102
MinimumVisualStudioVersion = 10.0.40219.1
Project("{FAE04EC0-301F-11D3-BF4B-00C04F79EFBC}") = "cSharpBasics", "cSharpBasics\cSharpBasics.csproj", "{0E26BDE4-5677-4C5A-947A-FBB936250F12}"
EndProject
Project("{FAE04EC0-301F-11D3-BF4B-00C04F79EFBC}") = "Lesson1Arrays", "Lesson1Arrays\Lesson1Arrays.csproj", "{39D1FEBE-66FA-4BEC-A225-508BBFA2FAB5}"
EndProject
Global
	GlobalSection(SolutionConfigurationPlatforms) = preSolution
		Debug|Any CPU = Debug|Any CPU
		Release|Any CPU = Release|Any CPU
	EndGlobalSection
	GlobalSection(ProjectConfigurationPlatforms) = postSolution
		{0E26BDE4-5677-4C5A-947A-FBB936250F12}.Debug|Any CPU.ActiveCfg = Debug|Any CPU
		{0E26BDE4-5677-4C5A-947A-FBB936250F12}.Debug|Any CPU.Build.0 = Debug|Any CPU
		{0E26BDE4-5677-4C5A-947A-FBB936250F12}.Release|Any CPU.ActiveCfg = Release|Any CPU
		{0E26BDE4-5677-4C5A-947A-FBB936250F12}.Release|Any CPU.Build.0 = Release|Any CPU
		{39D1FEBE-66FA-4BEC-A225-508BBFA2FAB5}.Debug|Any CPU.ActiveCfg = Debug|Any CPU
		{39D1FEBE-66FA-4BEC-A225-508BBFA2FAB5}.Debug|Any CPU.Build.0 = Debug|Any CPU
		{39D1FEBE-66FA-4BEC-A225-508BBFA2FAB5}.Release|Any CPU.ActiveCfg = Release|Any CPU
		{39D1FEBE-66FA-4BEC-A225-508BBFA2FAB5}.Release|Any CPU.Build.0 = Release|Any CPU
	EndGlobalSection
	GlobalSection(SolutionProperties) = preSolution
		HideSolutionNode = FALSE
	EndGlobalSection
	GlobalSection(ExtensibilityGlobals) = postSolution
		SolutionGuid = {C7C4B32F-EAA1-44C8-9071-D71B078A4E2C}
	EndGlobalSection
EndGlobal
